
Microsoft Visual Studio Solution File, Format Version 12.00
# Visual Studio Version 17
VisualStudioVersion = 17.11.35327.3
MinimumVisualStudioVersion = 10.0.40219.1
Project("{FAE04EC0-301F-11D3-BF4B-00C04F79EFBC}") = "CIBM", "CIBM.csproj", "{AFB76368-3AD3-4EAA-8F77-4B403F20E5EC}"
EndProject
Global
	GlobalSection(SolutionConfigurationPlatforms) = preSolution
		Debug|x64 = Debug|x64
		Release|x64 = Release|x64
	EndGlobalSection
	GlobalSection(ProjectConfigurationPlatforms) = postSolution
		{AFB76368-3AD3-4EAA-8F77-4B403F20E5EC}.Debug|x64.ActiveCfg = Release|x64
		{AFB76368-3AD3-4EAA-8F77-4B403F20E5EC}.Debug|x64.Build.0 = Release|x64
		{AFB76368-3AD3-4EAA-8F77-4B403F20E5EC}.Release|x64.ActiveCfg = Release|x64
		{AFB76368-3AD3-4EAA-8F77-4B403F20E5EC}.Release|x64.Build.0 = Release|x64
	EndGlobalSection
	GlobalSection(SolutionProperties) = preSolution
		HideSolutionNode = FALSE
	EndGlobalSection
	GlobalSection(ExtensibilityGlobals) = postSolution
		SolutionGuid = {80A94F31-7F5A-4515-89FF-45B625899B83}
	EndGlobalSection
EndGlobal
